
Microsoft Visual Studio Solution File, Format Version 12.00
# Visual Studio Version 17
VisualStudioVersion = 17.4.33205.214
MinimumVisualStudioVersion = 10.0.40219.1
Project("{FAE04EC0-301F-11D3-BF4B-00C04F79EFBC}") = "SnakeFinal", "SnakeFinal\SnakeFinal.csproj", "{9C2EBF5E-65D6-459B-A89B-E36099184F07}"
EndProject
Global
	GlobalSection(SolutionConfigurationPlatforms) = preSolution
		Debug|Any CPU = Debug|Any CPU
		Release|Any CPU = Release|Any CPU
	EndGlobalSection
	GlobalSection(ProjectConfigurationPlatforms) = postSolution
		{9C2EBF5E-65D6-459B-A89B-E36099184F07}.Debug|Any CPU.ActiveCfg = Debug|Any CPU
		{9C2EBF5E-65D6-459B-A89B-E36099184F07}.Debug|Any CPU.Build.0 = Debug|Any CPU
		{9C2EBF5E-65D6-459B-A89B-E36099184F07}.Release|Any CPU.ActiveCfg = Release|Any CPU
		{9C2EBF5E-65D6-459B-A89B-E36099184F07}.Release|Any CPU.Build.0 = Release|Any CPU
	EndGlobalSection
	GlobalSection(SolutionProperties) = preSolution
		HideSolutionNode = FALSE
	EndGlobalSection
	GlobalSection(ExtensibilityGlobals) = postSolution
		SolutionGuid = {B6B12878-F462-48E9-A89B-EC18F86ABC74}
	EndGlobalSection
EndGlobal
